
Microsoft Visual Studio Solution File, Format Version 11.00
# Visual Studio 2010
Project("{8BC9CEB8-8B4A-11D0-8D11-00A0C91BC942}") = "_all", "redbook\_all.vcxproj", "{DB0E75CC-7C0B-455F-9A00-3B4F6FC40356}"
EndProject
Project("{8BC9CEB8-8B4A-11D0-8D11-00A0C91BC942}") = "aaindex", "redbook\aaindex.vcxproj", "{E550DBEF-F2E3-47B0-AE3C-FF64382B692B}"
EndProject
Project("{8BC9CEB8-8B4A-11D0-8D11-00A0C91BC942}") = "aapoly", "redbook\aapoly.vcxproj", "{A5599BC2-5C76-42F3-9752-56F4118850D3}"
EndProject
Project("{8BC9CEB8-8B4A-11D0-8D11-00A0C91BC942}") = "aargb", "redbook\aargb.vcxproj", "{39B35B48-B18D-4AF3-9E0F-3B4FDEB99624}"
EndProject
Project("{8BC9CEB8-8B4A-11D0-8D11-00A0C91BC942}") = "accanti", "redbook\accanti.vcxproj", "{F29EAEFE-DD67-43DA-ACC7-7C5E9FA3D4C9}"
EndProject
Project("{8BC9CEB8-8B4A-11D0-8D11-00A0C91BC942}") = "accpersp", "redbook\accpersp.vcxproj", "{6981D6EA-1817-45A7-B056-34FA4CA4334E}"
EndProject
Project("{8BC9CEB8-8B4A-11D0-8D11-00A0C91BC942}") = "alpha", "redbook\alpha.vcxproj", "{EDCFA71E-7399-4F31-954F-2A9ECE3E2868}"
EndProject
Project("{8BC9CEB8-8B4A-11D0-8D11-00A0C91BC942}") = "alpha3D", "redbook\alpha3D.vcxproj", "{5EEEC33C-D1E7-4F92-8101-1F992499CA3B}"
EndProject
Project("{8BC9CEB8-8B4A-11D0-8D11-00A0C91BC942}") = "anti", "redbook\anti.vcxproj", "{7822A1A8-FE44-4F0F-AE61-89E587DD1754}"
EndProject
Project("{8BC9CEB8-8B4A-11D0-8D11-00A0C91BC942}") = "bezcurve", "redbook\bezcurve.vcxproj", "{334D0978-B4AD-4F3B-975F-109D3DC8FF98}"
EndProject
Project("{8BC9CEB8-8B4A-11D0-8D11-00A0C91BC942}") = "bezmesh", "redbook\bezmesh.vcxproj", "{0B3AA997-C6DD-46F5-AF3E-6182E19585F4}"
EndProject
Project("{8BC9CEB8-8B4A-11D0-8D11-00A0C91BC942}") = "checker", "redbook\checker.vcxproj", "{8ACBAF0C-02FC-496B-9950-8E5055221A66}"
EndProject
Project("{8BC9CEB8-8B4A-11D0-8D11-00A0C91BC942}") = "clip", "redbook\clip.vcxproj", "{F0FF071A-2855-477E-9D29-F64D1F0D9026}"
EndProject
Project("{8BC9CEB8-8B4A-11D0-8D11-00A0C91BC942}") = "colormat", "redbook\colormat.vcxproj", "{BA00998C-A8AD-45E5-B7C3-E8735F958872}"
EndProject
Project("{8BC9CEB8-8B4A-11D0-8D11-00A0C91BC942}") = "cube", "redbook\cube.vcxproj", "{DCA64EEC-0C0E-4C61-84AC-B208ECA1FC74}"
EndProject
Project("{8BC9CEB8-8B4A-11D0-8D11-00A0C91BC942}") = "depthcue", "redbook\depthcue.vcxproj", "{262BD98C-7A09-4BB3-A406-912349E388D4}"
EndProject
Project("{8BC9CEB8-8B4A-11D0-8D11-00A0C91BC942}") = "dof", "redbook\dof.vcxproj", "{BF82C209-35C4-4F5C-B7FC-D93CBA9D0BEA}"
EndProject
Project("{8BC9CEB8-8B4A-11D0-8D11-00A0C91BC942}") = "double", "redbook\double.vcxproj", "{2A6646CF-3C45-4166-9870-2D29F8DB2320}"
EndProject
Project("{8BC9CEB8-8B4A-11D0-8D11-00A0C91BC942}") = "drawf", "redbook\drawf.vcxproj", "{DF62920B-4AC5-4F50-B882-0DD467948978}"
EndProject
Project("{8BC9CEB8-8B4A-11D0-8D11-00A0C91BC942}") = "feedback", "redbook\feedback.vcxproj", "{2E714E15-771E-4D00-A88C-9E352B15FD57}"
EndProject
Project("{8BC9CEB8-8B4A-11D0-8D11-00A0C91BC942}") = "fog", "redbook\fog.vcxproj", "{F909BB66-3D05-45AC-9CCC-086FA9B0A438}"
EndProject
Project("{8BC9CEB8-8B4A-11D0-8D11-00A0C91BC942}") = "fogindex", "redbook\fogindex.vcxproj", "{433761AD-1EE3-4519-8290-A57A4C75D9EC}"
EndProject
Project("{8BC9CEB8-8B4A-11D0-8D11-00A0C91BC942}") = "font", "redbook\font.vcxproj", "{7B741BA0-9485-4616-BAD0-6F55CF9621EC}"
EndProject
Project("{8BC9CEB8-8B4A-11D0-8D11-00A0C91BC942}") = "hello", "redbook\hello.vcxproj", "{F7B8E6D9-1164-415E-AEBB-DC5C718DFA61}"
EndProject
Project("{8BC9CEB8-8B4A-11D0-8D11-00A0C91BC942}") = "image", "redbook\image.vcxproj", "{E2ACB2E1-82C8-4C37-87B1-01C0250F0C82}"
EndProject
Project("{8BC9CEB8-8B4A-11D0-8D11-00A0C91BC942}") = "light", "redbook\light.vcxproj", "{BA871C79-D2A8-433C-A466-68254CF24965}"
EndProject
Project("{8BC9CEB8-8B4A-11D0-8D11-00A0C91BC942}") = "lines", "redbook\lines.vcxproj", "{FCEEE150-C4AB-40F3-8045-951E899ED012}"
EndProject
Project("{8BC9CEB8-8B4A-11D0-8D11-00A0C91BC942}") = "list", "redbook\list.vcxproj", "{708DE690-4FBA-4201-8D93-A85E30F8D5B2}"
EndProject
Project("{8BC9CEB8-8B4A-11D0-8D11-00A0C91BC942}") = "material", "redbook\material.vcxproj", "{E85E1D4D-7402-442C-B75A-2DC8746D50B2}"
EndProject
Project("{8BC9CEB8-8B4A-11D0-8D11-00A0C91BC942}") = "mipmap", "redbook\mipmap.vcxproj", "{0080BDE5-BC96-4901-A1FD-B78A53795012}"
EndProject
Project("{8BC9CEB8-8B4A-11D0-8D11-00A0C91BC942}") = "model", "redbook\model.vcxproj", "{395CCC51-7330-4EA1-AD5A-14930F629B24}"
EndProject
Project("{8BC9CEB8-8B4A-11D0-8D11-00A0C91BC942}") = "movelight", "redbook\movelight.vcxproj", "{667C4DAB-09CF-41C5-BA8F-681C1CF39921}"
EndProject
Project("{8BC9CEB8-8B4A-11D0-8D11-00A0C91BC942}") = "nurbs", "redbook\nurbs.vcxproj", "{E00B1F52-81D7-4EDF-9369-E4D78268D333}"
EndProject
Project("{8BC9CEB8-8B4A-11D0-8D11-00A0C91BC942}") = "pickdepth", "redbook\pickdepth.vcxproj", "{8B4F6714-66ED-48A3-85A5-6CA2DFB431E8}"
EndProject
Project("{8BC9CEB8-8B4A-11D0-8D11-00A0C91BC942}") = "picksquare", "redbook\picksquare.vcxproj", "{3280CA62-D36F-492E-9A4D-251CEBDEDF2A}"
EndProject
Project("{8BC9CEB8-8B4A-11D0-8D11-00A0C91BC942}") = "plane", "redbook\plane.vcxproj", "{55A5DA7C-72BF-4772-B066-0679E037DDA9}"
EndProject
Project("{8BC9CEB8-8B4A-11D0-8D11-00A0C91BC942}") = "planet", "redbook\planet.vcxproj", "{F25E6403-461B-4995-B712-C7D4AF27B37D}"
EndProject
Project("{8BC9CEB8-8B4A-11D0-8D11-00A0C91BC942}") = "polyoff", "redbook\polyoff.vcxproj", "{28A2C972-7491-461D-965E-697C247D5A94}"
EndProject
Project("{8BC9CEB8-8B4A-11D0-8D11-00A0C91BC942}") = "polys", "redbook\polys.vcxproj", "{9759263A-D535-49B6-9633-A089CD5E2182}"
EndProject
Project("{8BC9CEB8-8B4A-11D0-8D11-00A0C91BC942}") = "quadric", "redbook\quadric.vcxproj", "{88262948-DA0E-44BA-8F1C-87ECF28EA2A7}"
EndProject
Project("{8BC9CEB8-8B4A-11D0-8D11-00A0C91BC942}") = "robot", "redbook\robot.vcxproj", "{7F826139-8508-4BC6-B84C-CA21F05804C2}"
EndProject
Project("{8BC9CEB8-8B4A-11D0-8D11-00A0C91BC942}") = "sccolorlight", "redbook\sccolorlight.vcxproj", "{F29B00C6-FF01-49C7-8576-3220F94D3F60}"
EndProject
Project("{8BC9CEB8-8B4A-11D0-8D11-00A0C91BC942}") = "scene", "redbook\scene.vcxproj", "{0DACD565-5D4B-47E4-AADB-FEA2222C8ED8}"
EndProject
Project("{8BC9CEB8-8B4A-11D0-8D11-00A0C91BC942}") = "scenebamb", "redbook\scenebamb.vcxproj", "{CA4A5FD7-8D1C-4276-8B75-277F941D8047}"
EndProject
Project("{8BC9CEB8-8B4A-11D0-8D11-00A0C91BC942}") = "sceneflat", "redbook\sceneflat.vcxproj", "{A2E221DF-D71A-4659-9676-C6033CD2A980}"
EndProject
Project("{8BC9CEB8-8B4A-11D0-8D11-00A0C91BC942}") = "select", "redbook\select.vcxproj", "{F0E2266A-C7D4-4B35-B5F1-37E08386F1C8}"
EndProject
Project("{8BC9CEB8-8B4A-11D0-8D11-00A0C91BC942}") = "smooth", "redbook\smooth.vcxproj", "{D0D22E53-20DD-42C4-9A6D-96C7D225FCF4}"
EndProject
Project("{8BC9CEB8-8B4A-11D0-8D11-00A0C91BC942}") = "stencil", "redbook\stencil.vcxproj", "{9797B4BA-75DF-474B-8C64-BD21A1FAEED5}"
EndProject
Project("{8BC9CEB8-8B4A-11D0-8D11-00A0C91BC942}") = "stroke", "redbook\stroke.vcxproj", "{34BF6310-D001-44CF-8998-4C52DEED2033}"
EndProject
Project("{8BC9CEB8-8B4A-11D0-8D11-00A0C91BC942}") = "surface", "redbook\surface.vcxproj", "{A5FDD8B8-6C6D-4C1D-A210-D8D2AFE73229}"
EndProject
Project("{8BC9CEB8-8B4A-11D0-8D11-00A0C91BC942}") = "teaambient", "redbook\teaambient.vcxproj", "{A181A3EF-E42F-4647-B01C-EB94A4440399}"
EndProject
Project("{8BC9CEB8-8B4A-11D0-8D11-00A0C91BC942}") = "teapots", "redbook\teapots.vcxproj", "{AB3B8472-F46A-4132-8A17-15155CFA177E}"
EndProject
Project("{8BC9CEB8-8B4A-11D0-8D11-00A0C91BC942}") = "tess", "redbook\tess.vcxproj", "{07DEC7C2-8788-4F91-B9A9-42B64D25A210}"
EndProject
Project("{8BC9CEB8-8B4A-11D0-8D11-00A0C91BC942}") = "tesswind", "redbook\tesswind.vcxproj", "{2AADB48E-C0DD-4CE7-AE43-300389CF7F5D}"
EndProject
Project("{8BC9CEB8-8B4A-11D0-8D11-00A0C91BC942}") = "texbind", "redbook\texbind.vcxproj", "{3C74F401-2288-40F2-B561-88FB2B7E2AB4}"
EndProject
Project("{8BC9CEB8-8B4A-11D0-8D11-00A0C91BC942}") = "texgen", "redbook\texgen.vcxproj", "{04CC91A4-4B03-4ACC-85C6-ED4AB088C91E}"
EndProject
Project("{8BC9CEB8-8B4A-11D0-8D11-00A0C91BC942}") = "texprox", "redbook\texprox.vcxproj", "{87CB606E-D000-4DE9-BA24-FD2F369841C7}"
EndProject
Project("{8BC9CEB8-8B4A-11D0-8D11-00A0C91BC942}") = "texsub", "redbook\texsub.vcxproj", "{0119FD14-B02C-4FFE-80ED-62831FB0AFD2}"
EndProject
Project("{8BC9CEB8-8B4A-11D0-8D11-00A0C91BC942}") = "texturesurf", "redbook\texturesurf.vcxproj", "{8CC6A2B7-6522-47D4-A459-A9549F0679CB}"
EndProject
Project("{8BC9CEB8-8B4A-11D0-8D11-00A0C91BC942}") = "torus", "redbook\torus.vcxproj", "{44456CF1-DFBC-405B-8992-457C4315E896}"
EndProject
Project("{8BC9CEB8-8B4A-11D0-8D11-00A0C91BC942}") = "trim", "redbook\trim.vcxproj", "{6841ABDA-5B9E-42C2-A0C9-26134120A393}"
EndProject
Project("{8BC9CEB8-8B4A-11D0-8D11-00A0C91BC942}") = "unproject", "redbook\unproject.vcxproj", "{2A63EB7F-365B-4036-96AA-705940F4E510}"
EndProject
Project("{8BC9CEB8-8B4A-11D0-8D11-00A0C91BC942}") = "varray", "redbook\varray.vcxproj", "{1C6FD5EC-AAFC-406A-B1A2-2D066A4718FA}"
EndProject
Project("{8BC9CEB8-8B4A-11D0-8D11-00A0C91BC942}") = "wrap", "redbook\wrap.vcxproj", "{CB10C4EE-42C1-4219-8B22-2BDB5A02C3A0}"
EndProject
Global
	GlobalSection(SolutionConfigurationPlatforms) = preSolution
		Debug|Win32 = Debug|Win32
		Release|Win32 = Release|Win32
	EndGlobalSection
	GlobalSection(ProjectConfigurationPlatforms) = postSolution
		{DB0E75CC-7C0B-455F-9A00-3B4F6FC40356}.Debug|Win32.ActiveCfg = Debug|Win32
		{DB0E75CC-7C0B-455F-9A00-3B4F6FC40356}.Debug|Win32.Build.0 = Debug|Win32
		{DB0E75CC-7C0B-455F-9A00-3B4F6FC40356}.Release|Win32.ActiveCfg = Release|Win32
		{DB0E75CC-7C0B-455F-9A00-3B4F6FC40356}.Release|Win32.Build.0 = Release|Win32
		{E550DBEF-F2E3-47B0-AE3C-FF64382B692B}.Debug|Win32.ActiveCfg = Debug|Win32
		{E550DBEF-F2E3-47B0-AE3C-FF64382B692B}.Debug|Win32.Build.0 = Debug|Win32
		{E550DBEF-F2E3-47B0-AE3C-FF64382B692B}.Release|Win32.ActiveCfg = Release|Win32
		{E550DBEF-F2E3-47B0-AE3C-FF64382B692B}.Release|Win32.Build.0 = Release|Win32
		{A5599BC2-5C76-42F3-9752-56F4118850D3}.Debug|Win32.ActiveCfg = Debug|Win32
		{A5599BC2-5C76-42F3-9752-56F4118850D3}.Debug|Win32.Build.0 = Debug|Win32
		{A5599BC2-5C76-42F3-9752-56F4118850D3}.Release|Win32.ActiveCfg = Release|Win32
		{A5599BC2-5C76-42F3-9752-56F4118850D3}.Release|Win32.Build.0 = Release|Win32
		{39B35B48-B18D-4AF3-9E0F-3B4FDEB99624}.Debug|Win32.ActiveCfg = Debug|Win32
		{39B35B48-B18D-4AF3-9E0F-3B4FDEB99624}.Debug|Win32.Build.0 = Debug|Win32
		{39B35B48-B18D-4AF3-9E0F-3B4FDEB99624}.Release|Win32.ActiveCfg = Release|Win32
		{39B35B48-B18D-4AF3-9E0F-3B4FDEB99624}.Release|Win32.Build.0 = Release|Win32
		{F29EAEFE-DD67-43DA-ACC7-7C5E9FA3D4C9}.Debug|Win32.ActiveCfg = Debug|Win32
		{F29EAEFE-DD67-43DA-ACC7-7C5E9FA3D4C9}.Debug|Win32.Build.0 = Debug|Win32
		{F29EAEFE-DD67-43DA-ACC7-7C5E9FA3D4C9}.Release|Win32.ActiveCfg = Release|Win32
		{F29EAEFE-DD67-43DA-ACC7-7C5E9FA3D4C9}.Release|Win32.Build.0 = Release|Win32
		{6981D6EA-1817-45A7-B056-34FA4CA4334E}.Debug|Win32.ActiveCfg = Debug|Win32
		{6981D6EA-1817-45A7-B056-34FA4CA4334E}.Debug|Win32.Build.0 = Debug|Win32
		{6981D6EA-1817-45A7-B056-34FA4CA4334E}.Release|Win32.ActiveCfg = Release|Win32
		{6981D6EA-1817-45A7-B056-34FA4CA4334E}.Release|Win32.Build.0 = Release|Win32
		{EDCFA71E-7399-4F31-954F-2A9ECE3E2868}.Debug|Win32.ActiveCfg = Debug|Win32
		{EDCFA71E-7399-4F31-954F-2A9ECE3E2868}.Debug|Win32.Build.0 = Debug|Win32
		{EDCFA71E-7399-4F31-954F-2A9ECE3E2868}.Release|Win32.ActiveCfg = Release|Win32
		{EDCFA71E-7399-4F31-954F-2A9ECE3E2868}.Release|Win32.Build.0 = Release|Win32
		{5EEEC33C-D1E7-4F92-8101-1F992499CA3B}.Debug|Win32.ActiveCfg = Debug|Win32
		{5EEEC33C-D1E7-4F92-8101-1F992499CA3B}.Debug|Win32.Build.0 = Debug|Win32
		{5EEEC33C-D1E7-4F92-8101-1F992499CA3B}.Release|Win32.ActiveCfg = Release|Win32
		{5EEEC33C-D1E7-4F92-8101-1F992499CA3B}.Release|Win32.Build.0 = Release|Win32
		{7822A1A8-FE44-4F0F-AE61-89E587DD1754}.Debug|Win32.ActiveCfg = Debug|Win32
		{7822A1A8-FE44-4F0F-AE61-89E587DD1754}.Debug|Win32.Build.0 = Debug|Win32
		{7822A1A8-FE44-4F0F-AE61-89E587DD1754}.Release|Win32.ActiveCfg = Release|Win32
		{7822A1A8-FE44-4F0F-AE61-89E587DD1754}.Release|Win32.Build.0 = Release|Win32
		{334D0978-B4AD-4F3B-975F-109D3DC8FF98}.Debug|Win32.ActiveCfg = Debug|Win32
		{334D0978-B4AD-4F3B-975F-109D3DC8FF98}.Debug|Win32.Build.0 = Debug|Win32
		{334D0978-B4AD-4F3B-975F-109D3DC8FF98}.Release|Win32.ActiveCfg = Release|Win32
		{334D0978-B4AD-4F3B-975F-109D3DC8FF98}.Release|Win32.Build.0 = Release|Win32
		{0B3AA997-C6DD-46F5-AF3E-6182E19585F4}.Debug|Win32.ActiveCfg = Debug|Win32
		{0B3AA997-C6DD-46F5-AF3E-6182E19585F4}.Debug|Win32.Build.0 = Debug|Win32
		{0B3AA997-C6DD-46F5-AF3E-6182E19585F4}.Release|Win32.ActiveCfg = Release|Win32
		{0B3AA997-C6DD-46F5-AF3E-6182E19585F4}.Release|Win32.Build.0 = Release|Win32
		{8ACBAF0C-02FC-496B-9950-8E5055221A66}.Debug|Win32.ActiveCfg = Debug|Win32
		{8ACBAF0C-02FC-496B-9950-8E5055221A66}.Debug|Win32.Build.0 = Debug|Win32
		{8ACBAF0C-02FC-496B-9950-8E5055221A66}.Release|Win32.ActiveCfg = Release|Win32
		{8ACBAF0C-02FC-496B-9950-8E5055221A66}.Release|Win32.Build.0 = Release|Win32
		{F0FF071A-2855-477E-9D29-F64D1F0D9026}.Debug|Win32.ActiveCfg = Debug|Win32
		{F0FF071A-2855-477E-9D29-F64D1F0D9026}.Debug|Win32.Build.0 = Debug|Win32
		{F0FF071A-2855-477E-9D29-F64D1F0D9026}.Release|Win32.ActiveCfg = Release|Win32
		{F0FF071A-2855-477E-9D29-F64D1F0D9026}.Release|Win32.Build.0 = Release|Win32
		{BA00998C-A8AD-45E5-B7C3-E8735F958872}.Debug|Win32.ActiveCfg = Debug|Win32
		{BA00998C-A8AD-45E5-B7C3-E8735F958872}.Debug|Win32.Build.0 = Debug|Win32
		{BA00998C-A8AD-45E5-B7C3-E8735F958872}.Release|Win32.ActiveCfg = Release|Win32
		{BA00998C-A8AD-45E5-B7C3-E8735F958872}.Release|Win32.Build.0 = Release|Win32
		{DCA64EEC-0C0E-4C61-84AC-B208ECA1FC74}.Debug|Win32.ActiveCfg = Debug|Win32
		{DCA64EEC-0C0E-4C61-84AC-B208ECA1FC74}.Debug|Win32.Build.0 = Debug|Win32
		{DCA64EEC-0C0E-4C61-84AC-B208ECA1FC74}.Release|Win32.ActiveCfg = Release|Win32
		{DCA64EEC-0C0E-4C61-84AC-B208ECA1FC74}.Release|Win32.Build.0 = Release|Win32
		{262BD98C-7A09-4BB3-A406-912349E388D4}.Debug|Win32.ActiveCfg = Debug|Win32
		{262BD98C-7A09-4BB3-A406-912349E388D4}.Debug|Win32.Build.0 = Debug|Win32
		{262BD98C-7A09-4BB3-A406-912349E388D4}.Release|Win32.ActiveCfg = Release|Win32
		{262BD98C-7A09-4BB3-A406-912349E388D4}.Release|Win32.Build.0 = Release|Win32
		{BF82C209-35C4-4F5C-B7FC-D93CBA9D0BEA}.Debug|Win32.ActiveCfg = Debug|Win32
		{BF82C209-35C4-4F5C-B7FC-D93CBA9D0BEA}.Debug|Win32.Build.0 = Debug|Win32
		{BF82C209-35C4-4F5C-B7FC-D93CBA9D0BEA}.Release|Win32.ActiveCfg = Release|Win32
		{BF82C209-35C4-4F5C-B7FC-D93CBA9D0BEA}.Release|Win32.Build.0 = Release|Win32
		{2A6646CF-3C45-4166-9870-2D29F8DB2320}.Debug|Win32.ActiveCfg = Debug|Win32
		{2A6646CF-3C45-4166-9870-2D29F8DB2320}.Debug|Win32.Build.0 = Debug|Win32
		{2A6646CF-3C45-4166-9870-2D29F8DB2320}.Release|Win32.ActiveCfg = Release|Win32
		{2A6646CF-3C45-4166-9870-2D29F8DB2320}.Release|Win32.Build.0 = Release|Win32
		{DF62920B-4AC5-4F50-B882-0DD467948978}.Debug|Win32.ActiveCfg = Debug|Win32
		{DF62920B-4AC5-4F50-B882-0DD467948978}.Debug|Win32.Build.0 = Debug|Win32
		{DF62920B-4AC5-4F50-B882-0DD467948978}.Release|Win32.ActiveCfg = Release|Win32
		{DF62920B-4AC5-4F50-B882-0DD467948978}.Release|Win32.Build.0 = Release|Win32
		{2E714E15-771E-4D00-A88C-9E352B15FD57}.Debug|Win32.ActiveCfg = Debug|Win32
		{2E714E15-771E-4D00-A88C-9E352B15FD57}.Debug|Win32.Build.0 = Debug|Win32
		{2E714E15-771E-4D00-A88C-9E352B15FD57}.Release|Win32.ActiveCfg = Release|Win32
		{2E714E15-771E-4D00-A88C-9E352B15FD57}.Release|Win32.Build.0 = Release|Win32
		{F909BB66-3D05-45AC-9CCC-086FA9B0A438}.Debug|Win32.ActiveCfg = Debug|Win32
		{F909BB66-3D05-45AC-9CCC-086FA9B0A438}.Debug|Win32.Build.0 = Debug|Win32
		{F909BB66-3D05-45AC-9CCC-086FA9B0A438}.Release|Win32.ActiveCfg = Release|Win32
		{F909BB66-3D05-45AC-9CCC-086FA9B0A438}.Release|Win32.Build.0 = Release|Win32
		{433761AD-1EE3-4519-8290-A57A4C75D9EC}.Debug|Win32.ActiveCfg = Debug|Win32
		{433761AD-1EE3-4519-8290-A57A4C75D9EC}.Debug|Win32.Build.0 = Debug|Win32
		{433761AD-1EE3-4519-8290-A57A4C75D9EC}.Release|Win32.ActiveCfg = Release|Win32
		{433761AD-1EE3-4519-8290-A57A4C75D9EC}.Release|Win32.Build.0 = Release|Win32
		{7B741BA0-9485-4616-BAD0-6F55CF9621EC}.Debug|Win32.ActiveCfg = Debug|Win32
		{7B741BA0-9485-4616-BAD0-6F55CF9621EC}.Debug|Win32.Build.0 = Debug|Win32
		{7B741BA0-9485-4616-BAD0-6F55CF9621EC}.Release|Win32.ActiveCfg = Release|Win32
		{7B741BA0-9485-4616-BAD0-6F55CF9621EC}.Release|Win32.Build.0 = Release|Win32
		{F7B8E6D9-1164-415E-AEBB-DC5C718DFA61}.Debug|Win32.ActiveCfg = Debug|Win32
		{F7B8E6D9-1164-415E-AEBB-DC5C718DFA61}.Debug|Win32.Build.0 = Debug|Win32
		{F7B8E6D9-1164-415E-AEBB-DC5C718DFA61}.Release|Win32.ActiveCfg = Release|Win32
		{F7B8E6D9-1164-415E-AEBB-DC5C718DFA61}.Release|Win32.Build.0 = Release|Win32
		{E2ACB2E1-82C8-4C37-87B1-01C0250F0C82}.Debug|Win32.ActiveCfg = Debug|Win32
		{E2ACB2E1-82C8-4C37-87B1-01C0250F0C82}.Debug|Win32.Build.0 = Debug|Win32
		{E2ACB2E1-82C8-4C37-87B1-01C0250F0C82}.Release|Win32.ActiveCfg = Release|Win32
		{E2ACB2E1-82C8-4C37-87B1-01C0250F0C82}.Release|Win32.Build.0 = Release|Win32
		{BA871C79-D2A8-433C-A466-68254CF24965}.Debug|Win32.ActiveCfg = Debug|Win32
		{BA871C79-D2A8-433C-A466-68254CF24965}.Debug|Win32.Build.0 = Debug|Win32
		{BA871C79-D2A8-433C-A466-68254CF24965}.Release|Win32.ActiveCfg = Release|Win32
		{BA871C79-D2A8-433C-A466-68254CF24965}.Release|Win32.Build.0 = Release|Win32
		{FCEEE150-C4AB-40F3-8045-951E899ED012}.Debug|Win32.ActiveCfg = Debug|Win32
		{FCEEE150-C4AB-40F3-8045-951E899ED012}.Debug|Win32.Build.0 = Debug|Win32
		{FCEEE150-C4AB-40F3-8045-951E899ED012}.Release|Win32.ActiveCfg = Release|Win32
		{FCEEE150-C4AB-40F3-8045-951E899ED012}.Release|Win32.Build.0 = Release|Win32
		{708DE690-4FBA-4201-8D93-A85E30F8D5B2}.Debug|Win32.ActiveCfg = Debug|Win32
		{708DE690-4FBA-4201-8D93-A85E30F8D5B2}.Debug|Win32.Build.0 = Debug|Win32
		{708DE690-4FBA-4201-8D93-A85E30F8D5B2}.Release|Win32.ActiveCfg = Release|Win32
		{708DE690-4FBA-4201-8D93-A85E30F8D5B2}.Release|Win32.Build.0 = Release|Win32
		{E85E1D4D-7402-442C-B75A-2DC8746D50B2}.Debug|Win32.ActiveCfg = Debug|Win32
		{E85E1D4D-7402-442C-B75A-2DC8746D50B2}.Debug|Win32.Build.0 = Debug|Win32
		{E85E1D4D-7402-442C-B75A-2DC8746D50B2}.Release|Win32.ActiveCfg = Release|Win32
		{E85E1D4D-7402-442C-B75A-2DC8746D50B2}.Release|Win32.Build.0 = Release|Win32
		{0080BDE5-BC96-4901-A1FD-B78A53795012}.Debug|Win32.ActiveCfg = Debug|Win32
		{0080BDE5-BC96-4901-A1FD-B78A53795012}.Debug|Win32.Build.0 = Debug|Win32
		{0080BDE5-BC96-4901-A1FD-B78A53795012}.Release|Win32.ActiveCfg = Release|Win32
		{0080BDE5-BC96-4901-A1FD-B78A53795012}.Release|Win32.Build.0 = Release|Win32
		{395CCC51-7330-4EA1-AD5A-14930F629B24}.Debug|Win32.ActiveCfg = Debug|Win32
		{395CCC51-7330-4EA1-AD5A-14930F629B24}.Debug|Win32.Build.0 = Debug|Win32
		{395CCC51-7330-4EA1-AD5A-14930F629B24}.Release|Win32.ActiveCfg = Release|Win32
		{395CCC51-7330-4EA1-AD5A-14930F629B24}.Release|Win32.Build.0 = Release|Win32
		{667C4DAB-09CF-41C5-BA8F-681C1CF39921}.Debug|Win32.ActiveCfg = Debug|Win32
		{667C4DAB-09CF-41C5-BA8F-681C1CF39921}.Debug|Win32.Build.0 = Debug|Win32
		{667C4DAB-09CF-41C5-BA8F-681C1CF39921}.Release|Win32.ActiveCfg = Release|Win32
		{667C4DAB-09CF-41C5-BA8F-681C1CF39921}.Release|Win32.Build.0 = Release|Win32
		{E00B1F52-81D7-4EDF-9369-E4D78268D333}.Debug|Win32.ActiveCfg = Debug|Win32
		{E00B1F52-81D7-4EDF-9369-E4D78268D333}.Debug|Win32.Build.0 = Debug|Win32
		{E00B1F52-81D7-4EDF-9369-E4D78268D333}.Release|Win32.ActiveCfg = Release|Win32
		{E00B1F52-81D7-4EDF-9369-E4D78268D333}.Release|Win32.Build.0 = Release|Win32
		{8B4F6714-66ED-48A3-85A5-6CA2DFB431E8}.Debug|Win32.ActiveCfg = Debug|Win32
		{8B4F6714-66ED-48A3-85A5-6CA2DFB431E8}.Debug|Win32.Build.0 = Debug|Win32
		{8B4F6714-66ED-48A3-85A5-6CA2DFB431E8}.Release|Win32.ActiveCfg = Release|Win32
		{8B4F6714-66ED-48A3-85A5-6CA2DFB431E8}.Release|Win32.Build.0 = Release|Win32
		{3280CA62-D36F-492E-9A4D-251CEBDEDF2A}.Debug|Win32.ActiveCfg = Debug|Win32
		{3280CA62-D36F-492E-9A4D-251CEBDEDF2A}.Debug|Win32.Build.0 = Debug|Win32
		{3280CA62-D36F-492E-9A4D-251CEBDEDF2A}.Release|Win32.ActiveCfg = Release|Win32
		{3280CA62-D36F-492E-9A4D-251CEBDEDF2A}.Release|Win32.Build.0 = Release|Win32
		{55A5DA7C-72BF-4772-B066-0679E037DDA9}.Debug|Win32.ActiveCfg = Debug|Win32
		{55A5DA7C-72BF-4772-B066-0679E037DDA9}.Debug|Win32.Build.0 = Debug|Win32
		{55A5DA7C-72BF-4772-B066-0679E037DDA9}.Release|Win32.ActiveCfg = Release|Win32
		{55A5DA7C-72BF-4772-B066-0679E037DDA9}.Release|Win32.Build.0 = Release|Win32
		{F25E6403-461B-4995-B712-C7D4AF27B37D}.Debug|Win32.ActiveCfg = Debug|Win32
		{F25E6403-461B-4995-B712-C7D4AF27B37D}.Debug|Win32.Build.0 = Debug|Win32
		{F25E6403-461B-4995-B712-C7D4AF27B37D}.Release|Win32.ActiveCfg = Release|Win32
		{F25E6403-461B-4995-B712-C7D4AF27B37D}.Release|Win32.Build.0 = Release|Win32
		{28A2C972-7491-461D-965E-697C247D5A94}.Debug|Win32.ActiveCfg = Debug|Win32
		{28A2C972-7491-461D-965E-697C247D5A94}.Debug|Win32.Build.0 = Debug|Win32
		{28A2C972-7491-461D-965E-697C247D5A94}.Release|Win32.ActiveCfg = Release|Win32
		{28A2C972-7491-461D-965E-697C247D5A94}.Release|Win32.Build.0 = Release|Win32
		{9759263A-D535-49B6-9633-A089CD5E2182}.Debug|Win32.ActiveCfg = Debug|Win32
		{9759263A-D535-49B6-9633-A089CD5E2182}.Debug|Win32.Build.0 = Debug|Win32
		{9759263A-D535-49B6-9633-A089CD5E2182}.Release|Win32.ActiveCfg = Release|Win32
		{9759263A-D535-49B6-9633-A089CD5E2182}.Release|Win32.Build.0 = Release|Win32
		{88262948-DA0E-44BA-8F1C-87ECF28EA2A7}.Debug|Win32.ActiveCfg = Debug|Win32
		{88262948-DA0E-44BA-8F1C-87ECF28EA2A7}.Debug|Win32.Build.0 = Debug|Win32
		{88262948-DA0E-44BA-8F1C-87ECF28EA2A7}.Release|Win32.ActiveCfg = Release|Win32
		{88262948-DA0E-44BA-8F1C-87ECF28EA2A7}.Release|Win32.Build.0 = Release|Win32
		{7F826139-8508-4BC6-B84C-CA21F05804C2}.Debug|Win32.ActiveCfg = Debug|Win32
		{7F826139-8508-4BC6-B84C-CA21F05804C2}.Debug|Win32.Build.0 = Debug|Win32
		{7F826139-8508-4BC6-B84C-CA21F05804C2}.Release|Win32.ActiveCfg = Release|Win32
		{7F826139-8508-4BC6-B84C-CA21F05804C2}.Release|Win32.Build.0 = Release|Win32
		{F29B00C6-FF01-49C7-8576-3220F94D3F60}.Debug|Win32.ActiveCfg = Debug|Win32
		{F29B00C6-FF01-49C7-8576-3220F94D3F60}.Debug|Win32.Build.0 = Debug|Win32
		{F29B00C6-FF01-49C7-8576-3220F94D3F60}.Release|Win32.ActiveCfg = Release|Win32
		{F29B00C6-FF01-49C7-8576-3220F94D3F60}.Release|Win32.Build.0 = Release|Win32
		{0DACD565-5D4B-47E4-AADB-FEA2222C8ED8}.Debug|Win32.ActiveCfg = Debug|Win32
		{0DACD565-5D4B-47E4-AADB-FEA2222C8ED8}.Debug|Win32.Build.0 = Debug|Win32
		{0DACD565-5D4B-47E4-AADB-FEA2222C8ED8}.Release|Win32.ActiveCfg = Release|Win32
		{0DACD565-5D4B-47E4-AADB-FEA2222C8ED8}.Release|Win32.Build.0 = Release|Win32
		{CA4A5FD7-8D1C-4276-8B75-277F941D8047}.Debug|Win32.ActiveCfg = Debug|Win32
		{CA4A5FD7-8D1C-4276-8B75-277F941D8047}.Debug|Win32.Build.0 = Debug|Win32
		{CA4A5FD7-8D1C-4276-8B75-277F941D8047}.Release|Win32.ActiveCfg = Release|Win32
		{CA4A5FD7-8D1C-4276-8B75-277F941D8047}.Release|Win32.Build.0 = Release|Win32
		{A2E221DF-D71A-4659-9676-C6033CD2A980}.Debug|Win32.ActiveCfg = Debug|Win32
		{A2E221DF-D71A-4659-9676-C6033CD2A980}.Debug|Win32.Build.0 = Debug|Win32
		{A2E221DF-D71A-4659-9676-C6033CD2A980}.Release|Win32.ActiveCfg = Release|Win32
		{A2E221DF-D71A-4659-9676-C6033CD2A980}.Release|Win32.Build.0 = Release|Win32
		{F0E2266A-C7D4-4B35-B5F1-37E08386F1C8}.Debug|Win32.ActiveCfg = Debug|Win32
		{F0E2266A-C7D4-4B35-B5F1-37E08386F1C8}.Debug|Win32.Build.0 = Debug|Win32
		{F0E2266A-C7D4-4B35-B5F1-37E08386F1C8}.Release|Win32.ActiveCfg = Release|Win32
		{F0E2266A-C7D4-4B35-B5F1-37E08386F1C8}.Release|Win32.Build.0 = Release|Win32
		{D0D22E53-20DD-42C4-9A6D-96C7D225FCF4}.Debug|Win32.ActiveCfg = Debug|Win32
		{D0D22E53-20DD-42C4-9A6D-96C7D225FCF4}.Debug|Win32.Build.0 = Debug|Win32
		{D0D22E53-20DD-42C4-9A6D-96C7D225FCF4}.Release|Win32.ActiveCfg = Release|Win32
		{D0D22E53-20DD-42C4-9A6D-96C7D225FCF4}.Release|Win32.Build.0 = Release|Win32
		{9797B4BA-75DF-474B-8C64-BD21A1FAEED5}.Debug|Win32.ActiveCfg = Debug|Win32
		{9797B4BA-75DF-474B-8C64-BD21A1FAEED5}.Debug|Win32.Build.0 = Debug|Win32
		{9797B4BA-75DF-474B-8C64-BD21A1FAEED5}.Release|Win32.ActiveCfg = Release|Win32
		{9797B4BA-75DF-474B-8C64-BD21A1FAEED5}.Release|Win32.Build.0 = Release|Win32
		{34BF6310-D001-44CF-8998-4C52DEED2033}.Debug|Win32.ActiveCfg = Debug|Win32
		{34BF6310-D001-44CF-8998-4C52DEED2033}.Debug|Win32.Build.0 = Debug|Win32
		{34BF6310-D001-44CF-8998-4C52DEED2033}.Release|Win32.ActiveCfg = Release|Win32
		{34BF6310-D001-44CF-8998-4C52DEED2033}.Release|Win32.Build.0 = Release|Win32
		{A5FDD8B8-6C6D-4C1D-A210-D8D2AFE73229}.Debug|Win32.ActiveCfg = Debug|Win32
		{A5FDD8B8-6C6D-4C1D-A210-D8D2AFE73229}.Debug|Win32.Build.0 = Debug|Win32
		{A5FDD8B8-6C6D-4C1D-A210-D8D2AFE73229}.Release|Win32.ActiveCfg = Release|Win32
		{A5FDD8B8-6C6D-4C1D-A210-D8D2AFE73229}.Release|Win32.Build.0 = Release|Win32
		{A181A3EF-E42F-4647-B01C-EB94A4440399}.Debug|Win32.ActiveCfg = Debug|Win32
		{A181A3EF-E42F-4647-B01C-EB94A4440399}.Debug|Win32.Build.0 = Debug|Win32
		{A181A3EF-E42F-4647-B01C-EB94A4440399}.Release|Win32.ActiveCfg = Release|Win32
		{A181A3EF-E42F-4647-B01C-EB94A4440399}.Release|Win32.Build.0 = Release|Win32
		{AB3B8472-F46A-4132-8A17-15155CFA177E}.Debug|Win32.ActiveCfg = Debug|Win32
		{AB3B8472-F46A-4132-8A17-15155CFA177E}.Debug|Win32.Build.0 = Debug|Win32
		{AB3B8472-F46A-4132-8A17-15155CFA177E}.Release|Win32.ActiveCfg = Release|Win32
		{AB3B8472-F46A-4132-8A17-15155CFA177E}.Release|Win32.Build.0 = Release|Win32
		{07DEC7C2-8788-4F91-B9A9-42B64D25A210}.Debug|Win32.ActiveCfg = Debug|Win32
		{07DEC7C2-8788-4F91-B9A9-42B64D25A210}.Debug|Win32.Build.0 = Debug|Win32
		{07DEC7C2-8788-4F91-B9A9-42B64D25A210}.Release|Win32.ActiveCfg = Release|Win32
		{07DEC7C2-8788-4F91-B9A9-42B64D25A210}.Release|Win32.Build.0 = Release|Win32
		{2AADB48E-C0DD-4CE7-AE43-300389CF7F5D}.Debug|Win32.ActiveCfg = Debug|Win32
		{2AADB48E-C0DD-4CE7-AE43-300389CF7F5D}.Debug|Win32.Build.0 = Debug|Win32
		{2AADB48E-C0DD-4CE7-AE43-300389CF7F5D}.Release|Win32.ActiveCfg = Release|Win32
		{2AADB48E-C0DD-4CE7-AE43-300389CF7F5D}.Release|Win32.Build.0 = Release|Win32
		{3C74F401-2288-40F2-B561-88FB2B7E2AB4}.Debug|Win32.ActiveCfg = Debug|Win32
		{3C74F401-2288-40F2-B561-88FB2B7E2AB4}.Debug|Win32.Build.0 = Debug|Win32
		{3C74F401-2288-40F2-B561-88FB2B7E2AB4}.Release|Win32.ActiveCfg = Release|Win32
		{3C74F401-2288-40F2-B561-88FB2B7E2AB4}.Release|Win32.Build.0 = Release|Win32
		{04CC91A4-4B03-4ACC-85C6-ED4AB088C91E}.Debug|Win32.ActiveCfg = Debug|Win32
		{04CC91A4-4B03-4ACC-85C6-ED4AB088C91E}.Debug|Win32.Build.0 = Debug|Win32
		{04CC91A4-4B03-4ACC-85C6-ED4AB088C91E}.Release|Win32.ActiveCfg = Release|Win32
		{04CC91A4-4B03-4ACC-85C6-ED4AB088C91E}.Release|Win32.Build.0 = Release|Win32
		{87CB606E-D000-4DE9-BA24-FD2F369841C7}.Debug|Win32.ActiveCfg = Debug|Win32
		{87CB606E-D000-4DE9-BA24-FD2F369841C7}.Debug|Win32.Build.0 = Debug|Win32
		{87CB606E-D000-4DE9-BA24-FD2F369841C7}.Release|Win32.ActiveCfg = Release|Win32
		{87CB606E-D000-4DE9-BA24-FD2F369841C7}.Release|Win32.Build.0 = Release|Win32
		{0119FD14-B02C-4FFE-80ED-62831FB0AFD2}.Debug|Win32.ActiveCfg = Debug|Win32
		{0119FD14-B02C-4FFE-80ED-62831FB0AFD2}.Debug|Win32.Build.0 = Debug|Win32
		{0119FD14-B02C-4FFE-80ED-62831FB0AFD2}.Release|Win32.ActiveCfg = Release|Win32
		{0119FD14-B02C-4FFE-80ED-62831FB0AFD2}.Release|Win32.Build.0 = Release|Win32
		{8CC6A2B7-6522-47D4-A459-A9549F0679CB}.Debug|Win32.ActiveCfg = Debug|Win32
		{8CC6A2B7-6522-47D4-A459-A9549F0679CB}.Debug|Win32.Build.0 = Debug|Win32
		{8CC6A2B7-6522-47D4-A459-A9549F0679CB}.Release|Win32.ActiveCfg = Release|Win32
		{8CC6A2B7-6522-47D4-A459-A9549F0679CB}.Release|Win32.Build.0 = Release|Win32
		{44456CF1-DFBC-405B-8992-457C4315E896}.Debug|Win32.ActiveCfg = Debug|Win32
		{44456CF1-DFBC-405B-8992-457C4315E896}.Debug|Win32.Build.0 = Debug|Win32
		{44456CF1-DFBC-405B-8992-457C4315E896}.Release|Win32.ActiveCfg = Release|Win32
		{44456CF1-DFBC-405B-8992-457C4315E896}.Release|Win32.Build.0 = Release|Win32
		{6841ABDA-5B9E-42C2-A0C9-26134120A393}.Debug|Win32.ActiveCfg = Debug|Win32
		{6841ABDA-5B9E-42C2-A0C9-26134120A393}.Debug|Win32.Build.0 = Debug|Win32
		{6841ABDA-5B9E-42C2-A0C9-26134120A393}.Release|Win32.ActiveCfg = Release|Win32
		{6841ABDA-5B9E-42C2-A0C9-26134120A393}.Release|Win32.Build.0 = Release|Win32
		{2A63EB7F-365B-4036-96AA-705940F4E510}.Debug|Win32.ActiveCfg = Debug|Win32
		{2A63EB7F-365B-4036-96AA-705940F4E510}.Debug|Win32.Build.0 = Debug|Win32
		{2A63EB7F-365B-4036-96AA-705940F4E510}.Release|Win32.ActiveCfg = Release|Win32
		{2A63EB7F-365B-4036-96AA-705940F4E510}.Release|Win32.Build.0 = Release|Win32
		{1C6FD5EC-AAFC-406A-B1A2-2D066A4718FA}.Debug|Win32.ActiveCfg = Debug|Win32
		{1C6FD5EC-AAFC-406A-B1A2-2D066A4718FA}.Debug|Win32.Build.0 = Debug|Win32
		{1C6FD5EC-AAFC-406A-B1A2-2D066A4718FA}.Release|Win32.ActiveCfg = Release|Win32
		{1C6FD5EC-AAFC-406A-B1A2-2D066A4718FA}.Release|Win32.Build.0 = Release|Win32
		{CB10C4EE-42C1-4219-8B22-2BDB5A02C3A0}.Debug|Win32.ActiveCfg = Debug|Win32
		{CB10C4EE-42C1-4219-8B22-2BDB5A02C3A0}.Debug|Win32.Build.0 = Debug|Win32
		{CB10C4EE-42C1-4219-8B22-2BDB5A02C3A0}.Release|Win32.ActiveCfg = Release|Win32
		{CB10C4EE-42C1-4219-8B22-2BDB5A02C3A0}.Release|Win32.Build.0 = Release|Win32
	EndGlobalSection
	GlobalSection(SolutionProperties) = preSolution
		HideSolutionNode = FALSE
	EndGlobalSection
EndGlobal
